// !$*UTF8*$!
{
	archiveVersion = 1;
	classes = {
	};
	objectVersion = 52;
	objects = {

/* Begin PBXBuildFile section */
		9BB1CB9126ECD1A500EA0AB6 /* ComposeSampleApp.swift in Sources */ = {isa = PBXBuildFile; fileRef = 9BB1CB9026ECD1A500EA0AB6 /* ComposeSampleApp.swift */; };
		9BB1CB9326ECD1A500EA0AB6 /* ContentView.swift in Sources */ = {isa = PBXBuildFile; fileRef = 9BB1CB9226ECD1A500EA0AB6 /* ContentView.swift */; };
		9BB1CB9526ECD1A600EA0AB6 /* Assets.xcassets in Resources */ = {isa = PBXBuildFile; fileRef = 9BB1CB9426ECD1A600EA0AB6 /* Assets.xcassets */; };
		9BB1CB9826ECD1A600EA0AB6 /* Preview Assets.xcassets in Resources */ = {isa = PBXBuildFile; fileRef = 9BB1CB9726ECD1A600EA0AB6 /* Preview Assets.xcassets */; };
		9BB1CBA326ECD1A600EA0AB6 /* ComposeSampleTests.swift in Sources */ = {isa = PBXBuildFile; fileRef = 9BB1CBA226ECD1A600EA0AB6 /* ComposeSampleTests.swift */; };
		9BB1CBAE26ECD1A600EA0AB6 /* ComposeSampleUITests.swift in Sources */ = {isa = PBXBuildFile; fileRef = 9BB1CBAD26ECD1A600EA0AB6 /* ComposeSampleUITests.swift */; };
		9BB1CBBD26ECD28C00EA0AB6 /* ComposableArchitecture in Frameworks */ = {isa = PBXBuildFile; productRef = 9BB1CBBC26ECD28C00EA0AB6 /* ComposableArchitecture */; };
		9BB1CBC026ECD36A00EA0AB6 /* Kingfisher in Frameworks */ = {isa = PBXBuildFile; productRef = 9BB1CBBF26ECD36A00EA0AB6 /* Kingfisher */; };
/* End PBXBuildFile section */

/* Begin PBXContainerItemProxy section */
		9BB1CB9F26ECD1A600EA0AB6 /* PBXContainerItemProxy */ = {
			isa = PBXContainerItemProxy;
			containerPortal = 9BB1CB8526ECD1A500EA0AB6 /* Project object */;
			proxyType = 1;
			remoteGlobalIDString = 9BB1CB8C26ECD1A500EA0AB6;
			remoteInfo = ComposeSample;
		};
		9BB1CBAA26ECD1A600EA0AB6 /* PBXContainerItemProxy */ = {
			isa = PBXContainerItemProxy;
			containerPortal = 9BB1CB8526ECD1A500EA0AB6 /* Project object */;
			proxyType = 1;
			remoteGlobalIDString = 9BB1CB8C26ECD1A500EA0AB6;
			remoteInfo = ComposeSample;
		};
/* End PBXContainerItemProxy section */

/* Begin PBXFileReference section */
		9BB1CB8D26ECD1A500EA0AB6 /* ComposeSample.app */ = {isa = PBXFileReference; explicitFileType = wrapper.application; includeInIndex = 0; path = ComposeSample.app; sourceTree = BUILT_PRODUCTS_DIR; };
		9BB1CB9026ECD1A500EA0AB6 /* ComposeSampleApp.swift */ = {isa = PBXFileReference; lastKnownFileType = sourcecode.swift; path = ComposeSampleApp.swift; sourceTree = "<group>"; };
		9BB1CB9226ECD1A500EA0AB6 /* ContentView.swift */ = {isa = PBXFileReference; lastKnownFileType = sourcecode.swift; path = ContentView.swift; sourceTree = "<group>"; };
		9BB1CB9426ECD1A600EA0AB6 /* Assets.xcassets */ = {isa = PBXFileReference; lastKnownFileType = folder.assetcatalog; path = Assets.xcassets; sourceTree = "<group>"; };
		9BB1CB9726ECD1A600EA0AB6 /* Preview Assets.xcassets */ = {isa = PBXFileReference; lastKnownFileType = folder.assetcatalog; path = "Preview Assets.xcassets"; sourceTree = "<group>"; };
		9BB1CB9926ECD1A600EA0AB6 /* Info.plist */ = {isa = PBXFileReference; lastKnownFileType = text.plist.xml; path = Info.plist; sourceTree = "<group>"; };
		9BB1CB9E26ECD1A600EA0AB6 /* ComposeSampleTests.xctest */ = {isa = PBXFileReference; explicitFileType = wrapper.cfbundle; includeInIndex = 0; path = ComposeSampleTests.xctest; sourceTree = BUILT_PRODUCTS_DIR; };
		9BB1CBA226ECD1A600EA0AB6 /* ComposeSampleTests.swift */ = {isa = PBXFileReference; lastKnownFileType = sourcecode.swift; path = ComposeSampleTests.swift; sourceTree = "<group>"; };
		9BB1CBA426ECD1A600EA0AB6 /* Info.plist */ = {isa = PBXFileReference; lastKnownFileType = text.plist.xml; path = Info.plist; sourceTree = "<group>"; };
		9BB1CBA926ECD1A600EA0AB6 /* ComposeSampleUITests.xctest */ = {isa = PBXFileReference; explicitFileType = wrapper.cfbundle; includeInIndex = 0; path = ComposeSampleUITests.xctest; sourceTree = BUILT_PRODUCTS_DIR; };
		9BB1CBAD26ECD1A600EA0AB6 /* ComposeSampleUITests.swift */ = {isa = PBXFileReference; lastKnownFileType = sourcecode.swift; path = ComposeSampleUITests.swift; sourceTree = "<group>"; };
		9BB1CBAF26ECD1A600EA0AB6 /* Info.plist */ = {isa = PBXFileReference; lastKnownFileType = text.plist.xml; path = Info.plist; sourceTree = "<group>"; };
/* End PBXFileReference section */

/* Begin PBXFrameworksBuildPhase section */
		9BB1CB8A26ECD1A500EA0AB6 /* Frameworks */ = {
			isa = PBXFrameworksBuildPhase;
			buildActionMask = 2147483647;
			files = (
				9BB1CBC026ECD36A00EA0AB6 /* Kingfisher in Frameworks */,
				9BB1CBBD26ECD28C00EA0AB6 /* ComposableArchitecture in Frameworks */,
			);
			runOnlyForDeploymentPostprocessing = 0;
		};
		9BB1CB9B26ECD1A600EA0AB6 /* Frameworks */ = {
			isa = PBXFrameworksBuildPhase;
			buildActionMask = 2147483647;
			files = (
			);
			runOnlyForDeploymentPostprocessing = 0;
		};
		9BB1CBA626ECD1A600EA0AB6 /* Frameworks */ = {
			isa = PBXFrameworksBuildPhase;
			buildActionMask = 2147483647;
			files = (
			);
			runOnlyForDeploymentPostprocessing = 0;
		};
/* End PBXFrameworksBuildPhase section */

/* Begin PBXGroup section */
		9BB1CB8426ECD1A500EA0AB6 = {
			isa = PBXGroup;
			children = (
				9BB1CB8F26ECD1A500EA0AB6 /* ComposeSample */,
				9BB1CBA126ECD1A600EA0AB6 /* ComposeSampleTests */,
				9BB1CBAC26ECD1A600EA0AB6 /* ComposeSampleUITests */,
				9BB1CB8E26ECD1A500EA0AB6 /* Products */,
			);
			sourceTree = "<group>";
		};
		9BB1CB8E26ECD1A500EA0AB6 /* Products */ = {
			isa = PBXGroup;
			children = (
				9BB1CB8D26ECD1A500EA0AB6 /* ComposeSample.app */,
				9BB1CB9E26ECD1A600EA0AB6 /* ComposeSampleTests.xctest */,
				9BB1CBA926ECD1A600EA0AB6 /* ComposeSampleUITests.xctest */,
			);
			name = Products;
			sourceTree = "<group>";
		};
		9BB1CB8F26ECD1A500EA0AB6 /* ComposeSample */ = {
			isa = PBXGroup;
			children = (
				9BB1CB9026ECD1A500EA0AB6 /* ComposeSampleApp.swift */,
				9BB1CB9226ECD1A500EA0AB6 /* ContentView.swift */,
				9BB1CB9426ECD1A600EA0AB6 /* Assets.xcassets */,
				9BB1CB9926ECD1A600EA0AB6 /* Info.plist */,
				9BB1CB9626ECD1A600EA0AB6 /* Preview Content */,
			);
			path = ComposeSample;
			sourceTree = "<group>";
		};
		9BB1CB9626ECD1A600EA0AB6 /* Preview Content */ = {
			isa = PBXGroup;
			children = (
				9BB1CB9726ECD1A600EA0AB6 /* Preview Assets.xcassets */,
			);
			path = "Preview Content";
			sourceTree = "<group>";
		};
		9BB1CBA126ECD1A600EA0AB6 /* ComposeSampleTests */ = {
			isa = PBXGroup;
			children = (
				9BB1CBA226ECD1A600EA0AB6 /* ComposeSampleTests.swift */,
				9BB1CBA426ECD1A600EA0AB6 /* Info.plist */,
			);
			path = ComposeSampleTests;
			sourceTree = "<group>";
		};
		9BB1CBAC26ECD1A600EA0AB6 /* ComposeSampleUITests */ = {
			isa = PBXGroup;
			children = (
				9BB1CBAD26ECD1A600EA0AB6 /* ComposeSampleUITests.swift */,
				9BB1CBAF26ECD1A600EA0AB6 /* Info.plist */,
			);
			path = ComposeSampleUITests;
			sourceTree = "<group>";
		};
/* End PBXGroup section */

/* Begin PBXNativeTarget section */
		9BB1CB8C26ECD1A500EA0AB6 /* ComposeSample */ = {
			isa = PBXNativeTarget;
			buildConfigurationList = 9BB1CBB226ECD1A600EA0AB6 /* Build configuration list for PBXNativeTarget "ComposeSample" */;
			buildPhases = (
				9BB1CB8926ECD1A500EA0AB6 /* Sources */,
				9BB1CB8A26ECD1A500EA0AB6 /* Frameworks */,
				9BB1CB8B26ECD1A500EA0AB6 /* Resources */,
			);
			buildRules = (
			);
			dependencies = (
			);
			name = ComposeSample;
			packageProductDependencies = (
				9BB1CBBC26ECD28C00EA0AB6 /* ComposableArchitecture */,
				9BB1CBBF26ECD36A00EA0AB6 /* Kingfisher */,
			);
			productName = ComposeSample;
			productReference = 9BB1CB8D26ECD1A500EA0AB6 /* ComposeSample.app */;
			productType = "com.apple.product-type.application";
		};
		9BB1CB9D26ECD1A600EA0AB6 /* ComposeSampleTests */ = {
			isa = PBXNativeTarget;
			buildConfigurationList = 9BB1CBB526ECD1A600EA0AB6 /* Build configuration list for PBXNativeTarget "ComposeSampleTests" */;
			buildPhases = (
				9BB1CB9A26ECD1A600EA0AB6 /* Sources */,
				9BB1CB9B26ECD1A600EA0AB6 /* Frameworks */,
				9BB1CB9C26ECD1A600EA0AB6 /* Resources */,
			);
			buildRules = (
			);
			dependencies = (
				9BB1CBA026ECD1A600EA0AB6 /* PBXTargetDependency */,
			);
			name = ComposeSampleTests;
			productName = ComposeSampleTests;
			productReference = 9BB1CB9E26ECD1A600EA0AB6 /* ComposeSampleTests.xctest */;
			productType = "com.apple.product-type.bundle.unit-test";
		};
		9BB1CBA826ECD1A600EA0AB6 /* ComposeSampleUITests */ = {
			isa = PBXNativeTarget;
			buildConfigurationList = 9BB1CBB826ECD1A600EA0AB6 /* Build configuration list for PBXNativeTarget "ComposeSampleUITests" */;
			buildPhases = (
				9BB1CBA526ECD1A600EA0AB6 /* Sources */,
				9BB1CBA626ECD1A600EA0AB6 /* Frameworks */,
				9BB1CBA726ECD1A600EA0AB6 /* Resources */,
			);
			buildRules = (
			);
			dependencies = (
				9BB1CBAB26ECD1A600EA0AB6 /* PBXTargetDependency */,
			);
			name = ComposeSampleUITests;
			productName = ComposeSampleUITests;
			productReference = 9BB1CBA926ECD1A600EA0AB6 /* ComposeSampleUITests.xctest */;
			productType = "com.apple.product-type.bundle.ui-testing";
		};
/* End PBXNativeTarget section */

/* Begin PBXProject section */
		9BB1CB8526ECD1A500EA0AB6 /* Project object */ = {
			isa = PBXProject;
			attributes = {
				LastSwiftUpdateCheck = 1250;
				LastUpgradeCheck = 1250;
				TargetAttributes = {
					9BB1CB8C26ECD1A500EA0AB6 = {
						CreatedOnToolsVersion = 12.5.1;
					};
					9BB1CB9D26ECD1A600EA0AB6 = {
						CreatedOnToolsVersion = 12.5.1;
						TestTargetID = 9BB1CB8C26ECD1A500EA0AB6;
					};
					9BB1CBA826ECD1A600EA0AB6 = {
						CreatedOnToolsVersion = 12.5.1;
						TestTargetID = 9BB1CB8C26ECD1A500EA0AB6;
					};
				};
			};
			buildConfigurationList = 9BB1CB8826ECD1A500EA0AB6 /* Build configuration list for PBXProject "ComposeSample" */;
			compatibilityVersion = "Xcode 9.3";
			developmentRegion = en;
			hasScannedForEncodings = 0;
			knownRegions = (
				en,
				Base,
			);
			mainGroup = 9BB1CB8426ECD1A500EA0AB6;
			packageReferences = (
				9BB1CBBB26ECD28C00EA0AB6 /* XCRemoteSwiftPackageReference "swift-composable-architecture" */,
				9BB1CBBE26ECD36A00EA0AB6 /* XCRemoteSwiftPackageReference "Kingfisher" */,
			);
			productRefGroup = 9BB1CB8E26ECD1A500EA0AB6 /* Products */;
			projectDirPath = "";
			projectRoot = "";
			targets = (
				9BB1CB8C26ECD1A500EA0AB6 /* ComposeSample */,
				9BB1CB9D26ECD1A600EA0AB6 /* ComposeSampleTests */,
				9BB1CBA826ECD1A600EA0AB6 /* ComposeSampleUITests */,
			);
		};
/* End PBXProject section */

/* Begin PBXResourcesBuildPhase section */
		9BB1CB8B26ECD1A500EA0AB6 /* Resources */ = {
			isa = PBXResourcesBuildPhase;
			buildActionMask = 2147483647;
			files = (
				9BB1CB9826ECD1A600EA0AB6 /* Preview Assets.xcassets in Resources */,
				9BB1CB9526ECD1A600EA0AB6 /* Assets.xcassets in Resources */,
			);
			runOnlyForDeploymentPostprocessing = 0;
		};
		9BB1CB9C26ECD1A600EA0AB6 /* Resources */ = {
			isa = PBXResourcesBuildPhase;
			buildActionMask = 2147483647;
			files = (
			);
			runOnlyForDeploymentPostprocessing = 0;
		};
		9BB1CBA726ECD1A600EA0AB6 /* Resources */ = {
			isa = PBXResourcesBuildPhase;
			buildActionMask = 2147483647;
			files = (
			);
			runOnlyForDeploymentPostprocessing = 0;
		};
/* End PBXResourcesBuildPhase section */

/* Begin PBXSourcesBuildPhase section */
		9BB1CB8926ECD1A500EA0AB6 /* Sources */ = {
			isa = PBXSourcesBuildPhase;
			buildActionMask = 2147483647;
			files = (
				9BB1CB9326ECD1A500EA0AB6 /* ContentView.swift in Sources */,
				9BB1CB9126ECD1A500EA0AB6 /* ComposeSampleApp.swift in Sources */,
			);
			runOnlyForDeploymentPostprocessing = 0;
		};
		9BB1CB9A26ECD1A600EA0AB6 /* Sources */ = {
			isa = PBXSourcesBuildPhase;
			buildActionMask = 2147483647;
			files = (
				9BB1CBA326ECD1A600EA0AB6 /* ComposeSampleTests.swift in Sources */,
			);
			runOnlyForDeploymentPostprocessing = 0;
		};
		9BB1CBA526ECD1A600EA0AB6 /* Sources */ = {
			isa = PBXSourcesBuildPhase;
			buildActionMask = 2147483647;
			files = (
				9BB1CBAE26ECD1A600EA0AB6 /* ComposeSampleUITests.swift in Sources */,
			);
			runOnlyForDeploymentPostprocessing = 0;
		};
/* End PBXSourcesBuildPhase section */

/* Begin PBXTargetDependency section */
		9BB1CBA026ECD1A600EA0AB6 /* PBXTargetDependency */ = {
			isa = PBXTargetDependency;
			target = 9BB1CB8C26ECD1A500EA0AB6 /* ComposeSample */;
			targetProxy = 9BB1CB9F26ECD1A600EA0AB6 /* PBXContainerItemProxy */;
		};
		9BB1CBAB26ECD1A600EA0AB6 /* PBXTargetDependency */ = {
			isa = PBXTargetDependency;
			target = 9BB1CB8C26ECD1A500EA0AB6 /* ComposeSample */;
			targetProxy = 9BB1CBAA26ECD1A600EA0AB6 /* PBXContainerItemProxy */;
		};
/* End PBXTargetDependency section */

/* Begin XCBuildConfiguration section */
		9BB1CBB026ECD1A600EA0AB6 /* Debug */ = {
			isa = XCBuildConfiguration;
			buildSettings = {
				ALWAYS_SEARCH_USER_PATHS = NO;
				CLANG_ANALYZER_NONNULL = YES;
				CLANG_ANALYZER_NUMBER_OBJECT_CONVERSION = YES_AGGRESSIVE;
				CLANG_CXX_LANGUAGE_STANDARD = "gnu++14";
				CLANG_CXX_LIBRARY = "libc++";
				CLANG_ENABLE_MODULES = YES;
				CLANG_ENABLE_OBJC_ARC = YES;
				CLANG_ENABLE_OBJC_WEAK = YES;
				CLANG_WARN_BLOCK_CAPTURE_AUTORELEASING = YES;
				CLANG_WARN_BOOL_CONVERSION = YES;
				CLANG_WARN_COMMA = YES;
				CLANG_WARN_CONSTANT_CONVERSION = YES;
				CLANG_WARN_DEPRECATED_OBJC_IMPLEMENTATIONS = YES;
				CLANG_WARN_DIRECT_OBJC_ISA_USAGE = YES_ERROR;
				CLANG_WARN_DOCUMENTATION_COMMENTS = YES;
				CLANG_WARN_EMPTY_BODY = YES;
				CLANG_WARN_ENUM_CONVERSION = YES;
				CLANG_WARN_INFINITE_RECURSION = YES;
				CLANG_WARN_INT_CONVERSION = YES;
				CLANG_WARN_NON_LITERAL_NULL_CONVERSION = YES;
				CLANG_WARN_OBJC_IMPLICIT_RETAIN_SELF = YES;
				CLANG_WARN_OBJC_LITERAL_CONVERSION = YES;
				CLANG_WARN_OBJC_ROOT_CLASS = YES_ERROR;
				CLANG_WARN_QUOTED_INCLUDE_IN_FRAMEWORK_HEADER = YES;
				CLANG_WARN_RANGE_LOOP_ANALYSIS = YES;
				CLANG_WARN_STRICT_PROTOTYPES = YES;
				CLANG_WARN_SUSPICIOUS_MOVE = YES;
				CLANG_WARN_UNGUARDED_AVAILABILITY = YES_AGGRESSIVE;
				CLANG_WARN_UNREACHABLE_CODE = YES;
				CLANG_WARN__DUPLICATE_METHOD_MATCH = YES;
				COPY_PHASE_STRIP = NO;
				DEBUG_INFORMATION_FORMAT = dwarf;
				ENABLE_STRICT_OBJC_MSGSEND = YES;
				ENABLE_TESTABILITY = YES;
				GCC_C_LANGUAGE_STANDARD = gnu11;
				GCC_DYNAMIC_NO_PIC = NO;
				GCC_NO_COMMON_BLOCKS = YES;
				GCC_OPTIMIZATION_LEVEL = 0;
				GCC_PREPROCESSOR_DEFINITIONS = (
					"DEBUG=1",
					"$(inherited)",
				);
				GCC_WARN_64_TO_32_BIT_CONVERSION = YES;
				GCC_WARN_ABOUT_RETURN_TYPE = YES_ERROR;
				GCC_WARN_UNDECLARED_SELECTOR = YES;
				GCC_WARN_UNINITIALIZED_AUTOS = YES_AGGRESSIVE;
				GCC_WARN_UNUSED_FUNCTION = YES;
				GCC_WARN_UNUSED_VARIABLE = YES;
				IPHONEOS_DEPLOYMENT_TARGET = 14.5;
				MTL_ENABLE_DEBUG_INFO = INCLUDE_SOURCE;
				MTL_FAST_MATH = YES;
				ONLY_ACTIVE_ARCH = YES;
				SDKROOT = iphoneos;
				SWIFT_ACTIVE_COMPILATION_CONDITIONS = DEBUG;
				SWIFT_OPTIMIZATION_LEVEL = "-Onone";
			};
			name = Debug;
		};
		9BB1CBB126ECD1A600EA0AB6 /* Release */ = {
			isa = XCBuildConfiguration;
			buildSettings = {
				ALWAYS_SEARCH_USER_PATHS = NO;
				CLANG_ANALYZER_NONNULL = YES;
				CLANG_ANALYZER_NUMBER_OBJECT_CONVERSION = YES_AGGRESSIVE;
				CLANG_CXX_LANGUAGE_STANDARD = "gnu++14";
				CLANG_CXX_LIBRARY = "libc++";
				CLANG_ENABLE_MODULES = YES;
				CLANG_ENABLE_OBJC_ARC = YES;
				CLANG_ENABLE_OBJC_WEAK = YES;
				CLANG_WARN_BLOCK_CAPTURE_AUTORELEASING = YES;
				CLANG_WARN_BOOL_CONVERSION = YES;
				CLANG_WARN_COMMA = YES;
				CLANG_WARN_CONSTANT_CONVERSION = YES;
				CLANG_WARN_DEPRECATED_OBJC_IMPLEMENTATIONS = YES;
				CLANG_WARN_DIRECT_OBJC_ISA_USAGE = YES_ERROR;
				CLANG_WARN_DOCUMENTATION_COMMENTS = YES;
				CLANG_WARN_EMPTY_BODY = YES;
				CLANG_WARN_ENUM_CONVERSION = YES;
				CLANG_WARN_INFINITE_RECURSION = YES;
				CLANG_WARN_INT_CONVERSION = YES;
				CLANG_WARN_NON_LITERAL_NULL_CONVERSION = YES;
				CLANG_WARN_OBJC_IMPLICIT_RETAIN_SELF = YES;
				CLANG_WARN_OBJC_LITERAL_CONVERSION = YES;
				CLANG_WARN_OBJC_ROOT_CLASS = YES_ERROR;
				CLANG_WARN_QUOTED_INCLUDE_IN_FRAMEWORK_HEADER = YES;
				CLANG_WARN_RANGE_LOOP_ANALYSIS = YES;
				CLANG_WARN_STRICT_PROTOTYPES = YES;
				CLANG_WARN_SUSPICIOUS_MOVE = YES;
				CLANG_WARN_UNGUARDED_AVAILABILITY = YES_AGGRESSIVE;
				CLANG_WARN_UNREACHABLE_CODE = YES;
				CLANG_WARN__DUPLICATE_METHOD_MATCH = YES;
				COPY_PHASE_STRIP = NO;
				DEBUG_INFORMATION_FORMAT = "dwarf-with-dsym";
				ENABLE_NS_ASSERTIONS = NO;
				ENABLE_STRICT_OBJC_MSGSEND = YES;
				GCC_C_LANGUAGE_STANDARD = gnu11;
				GCC_NO_COMMON_BLOCKS = YES;
				GCC_WARN_64_TO_32_BIT_CONVERSION = YES;
				GCC_WARN_ABOUT_RETURN_TYPE = YES_ERROR;
				GCC_WARN_UNDECLARED_SELECTOR = YES;
				GCC_WARN_UNINITIALIZED_AUTOS = YES_AGGRESSIVE;
				GCC_WARN_UNUSED_FUNCTION = YES;
				GCC_WARN_UNUSED_VARIABLE = YES;
				IPHONEOS_DEPLOYMENT_TARGET = 14.5;
				MTL_ENABLE_DEBUG_INFO = NO;
				MTL_FAST_MATH = YES;
				SDKROOT = iphoneos;
				SWIFT_COMPILATION_MODE = wholemodule;
				SWIFT_OPTIMIZATION_LEVEL = "-O";
				VALIDATE_PRODUCT = YES;
			};
			name = Release;
		};
		9BB1CBB326ECD1A600EA0AB6 /* Debug */ = {
			isa = XCBuildConfiguration;
			buildSettings = {
				ASSETCATALOG_COMPILER_APPICON_NAME = AppIcon;
				ASSETCATALOG_COMPILER_GLOBAL_ACCENT_COLOR_NAME = AccentColor;
				CODE_SIGN_STYLE = Automatic;
				DEVELOPMENT_ASSET_PATHS = "\"ComposeSample/Preview Content\"";
				ENABLE_PREVIEWS = YES;
				INFOPLIST_FILE = ComposeSample/Info.plist;
				IPHONEOS_DEPLOYMENT_TARGET = 14.0;
				LD_RUNPATH_SEARCH_PATHS = (
					"$(inherited)",
					"@executable_path/Frameworks",
				);
				PRODUCT_BUNDLE_IDENTIFIER = com.ios.ComposeSample;
				PRODUCT_NAME = "$(TARGET_NAME)";
				SWIFT_VERSION = 5.0;
				TARGETED_DEVICE_FAMILY = "1,2";
			};
			name = Debug;
		};
		9BB1CBB426ECD1A600EA0AB6 /* Release */ = {
			isa = XCBuildConfiguration;
			buildSettings = {
				ASSETCATALOG_COMPILER_APPICON_NAME = AppIcon;
				ASSETCATALOG_COMPILER_GLOBAL_ACCENT_COLOR_NAME = AccentColor;
				CODE_SIGN_STYLE = Automatic;
				DEVELOPMENT_ASSET_PATHS = "\"ComposeSample/Preview Content\"";
				ENABLE_PREVIEWS = YES;
				INFOPLIST_FILE = ComposeSample/Info.plist;
				IPHONEOS_DEPLOYMENT_TARGET = 14.0;
				LD_RUNPATH_SEARCH_PATHS = (
					"$(inherited)",
					"@executable_path/Frameworks",
				);
				PRODUCT_BUNDLE_IDENTIFIER = com.ios.ComposeSample;
				PRODUCT_NAME = "$(TARGET_NAME)";
				SWIFT_VERSION = 5.0;
				TARGETED_DEVICE_FAMILY = "1,2";
			};
			name = Release;
		};
		9BB1CBB626ECD1A600EA0AB6 /* Debug */ = {
			isa = XCBuildConfiguration;
			buildSettings = {
				ALWAYS_EMBED_SWIFT_STANDARD_LIBRARIES = YES;
				BUNDLE_LOADER = "$(TEST_HOST)";
				CODE_SIGN_STYLE = Automatic;
				INFOPLIST_FILE = ComposeSampleTests/Info.plist;
				IPHONEOS_DEPLOYMENT_TARGET = 14.0;
				LD_RUNPATH_SEARCH_PATHS = (
					"$(inherited)",
					"@executable_path/Frameworks",
					"@loader_path/Frameworks",
				);
				PRODUCT_BUNDLE_IDENTIFIER = com.ios.ComposeSampleTests;
				PRODUCT_NAME = "$(TARGET_NAME)";
				SWIFT_VERSION = 5.0;
				TARGETED_DEVICE_FAMILY = "1,2";
				TEST_HOST = "$(BUILT_PRODUCTS_DIR)/ComposeSample.app/ComposeSample";
			};
			name = Debug;
		};
		9BB1CBB726ECD1A600EA0AB6 /* Release */ = {
			isa = XCBuildConfiguration;
			buildSettings = {
				ALWAYS_EMBED_SWIFT_STANDARD_LIBRARIES = YES;
				BUNDLE_LOADER = "$(TEST_HOST)";
				CODE_SIGN_STYLE = Automatic;
				INFOPLIST_FILE = ComposeSampleTests/Info.plist;
				IPHONEOS_DEPLOYMENT_TARGET = 14.0;
				LD_RUNPATH_SEARCH_PATHS = (
					"$(inherited)",
					"@executable_path/Frameworks",
					"@loader_path/Frameworks",
				);
				PRODUCT_BUNDLE_IDENTIFIER = com.ios.ComposeSampleTests;
				PRODUCT_NAME = "$(TARGET_NAME)";
				SWIFT_VERSION = 5.0;
				TARGETED_DEVICE_FAMILY = "1,2";
				TEST_HOST = "$(BUILT_PRODUCTS_DIR)/ComposeSample.app/ComposeSample";
			};
			name = Release;
		};
		9BB1CBB926ECD1A600EA0AB6 /* Debug */ = {
			isa = XCBuildConfiguration;
			buildSettings = {
				ALWAYS_EMBED_SWIFT_STANDARD_LIBRARIES = YES;
				CODE_SIGN_STYLE = Automatic;
				INFOPLIST_FILE = ComposeSampleUITests/Info.plist;
				LD_RUNPATH_SEARCH_PATHS = (
					"$(inherited)",
					"@executable_path/Frameworks",
					"@loader_path/Frameworks",
				);
				PRODUCT_BUNDLE_IDENTIFIER = com.ios.ComposeSampleUITests;
				PRODUCT_NAME = "$(TARGET_NAME)";
				SWIFT_VERSION = 5.0;
				TARGETED_DEVICE_FAMILY = "1,2";
				TEST_TARGET_NAME = ComposeSample;
			};
			name = Debug;
		};
		9BB1CBBA26ECD1A600EA0AB6 /* Release */ = {
			isa = XCBuildConfiguration;
			buildSettings = {
				ALWAYS_EMBED_SWIFT_STANDARD_LIBRARIES = YES;
				CODE_SIGN_STYLE = Automatic;
				INFOPLIST_FILE = ComposeSampleUITests/Info.plist;
				LD_RUNPATH_SEARCH_PATHS = (
					"$(inherited)",
					"@executable_path/Frameworks",
					"@loader_path/Frameworks",
				);
				PRODUCT_BUNDLE_IDENTIFIER = com.ios.ComposeSampleUITests;
				PRODUCT_NAME = "$(TARGET_NAME)";
				SWIFT_VERSION = 5.0;
				TARGETED_DEVICE_FAMILY = "1,2";
				TEST_TARGET_NAME = ComposeSample;
			};
			name = Release;
		};
/* End XCBuildConfiguration section */

/* Begin XCConfigurationList section */
		9BB1CB8826ECD1A500EA0AB6 /* Build configuration list for PBXProject "ComposeSample" */ = {
			isa = XCConfigurationList;
			buildConfigurations = (
				9BB1CBB026ECD1A600EA0AB6 /* Debug */,
				9BB1CBB126ECD1A600EA0AB6 /* Release */,
			);
			defaultConfigurationIsVisible = 0;
			defaultConfigurationName = Release;
		};
		9BB1CBB226ECD1A600EA0AB6 /* Build configuration list for PBXNativeTarget "ComposeSample" */ = {
			isa = XCConfigurationList;
			buildConfigurations = (
				9BB1CBB326ECD1A600EA0AB6 /* Debug */,
				9BB1CBB426ECD1A600EA0AB6 /* Release */,
			);
			defaultConfigurationIsVisible = 0;
			defaultConfigurationName = Release;
		};
		9BB1CBB526ECD1A600EA0AB6 /* Build configuration list for PBXNativeTarget "ComposeSampleTests" */ = {
			isa = XCConfigurationList;
			buildConfigurations = (
				9BB1CBB626ECD1A600EA0AB6 /* Debug */,
				9BB1CBB726ECD1A600EA0AB6 /* Release */,
			);
			defaultConfigurationIsVisible = 0;
			defaultConfigurationName = Release;
		};
		9BB1CBB826ECD1A600EA0AB6 /* Build configuration list for PBXNativeTarget "ComposeSampleUITests" */ = {
			isa = XCConfigurationList;
			buildConfigurations = (
				9BB1CBB926ECD1A600EA0AB6 /* Debug */,
				9BB1CBBA26ECD1A600EA0AB6 /* Release */,
			);
			defaultConfigurationIsVisible = 0;
			defaultConfigurationName = Release;
		};
/* End XCConfigurationList section */

/* Begin XCRemoteSwiftPackageReference section */
		9BB1CBBB26ECD28C00EA0AB6 /* XCRemoteSwiftPackageReference "swift-composable-architecture" */ = {
			isa = XCRemoteSwiftPackageReference;
			repositoryURL = "https://github.com/pointfreeco/swift-composable-architecture";
			requirement = {
				kind = upToNextMajorVersion;
				minimumVersion = 0.27.0;
			};
		};
		9BB1CBBE26ECD36A00EA0AB6 /* XCRemoteSwiftPackageReference "Kingfisher" */ = {
			isa = XCRemoteSwiftPackageReference;
			repositoryURL = "https://github.com/onevcat/Kingfisher.git";
			requirement = {
				kind = upToNextMajorVersion;
				minimumVersion = 6.3.1;
			};
		};
/* End XCRemoteSwiftPackageReference section */

/* Begin XCSwiftPackageProductDependency section */
		9BB1CBBC26ECD28C00EA0AB6 /* ComposableArchitecture */ = {
			isa = XCSwiftPackageProductDependency;
			package = 9BB1CBBB26ECD28C00EA0AB6 /* XCRemoteSwiftPackageReference "swift-composable-architecture" */;
			productName = ComposableArchitecture;
		};
		9BB1CBBF26ECD36A00EA0AB6 /* Kingfisher */ = {
			isa = XCSwiftPackageProductDependency;
			package = 9BB1CBBE26ECD36A00EA0AB6 /* XCRemoteSwiftPackageReference "Kingfisher" */;
			productName = Kingfisher;
		};
/* End XCSwiftPackageProductDependency section */
	};
	rootObject = 9BB1CB8526ECD1A500EA0AB6 /* Project object */;
}
